
Microsoft Visual Studio Solution File, Format Version 12.00
# Visual Studio 14
VisualStudioVersion = 14.0.24720.0
MinimumVisualStudioVersion = 10.0.40219.1
Project("{FAE04EC0-301F-11D3-BF4B-00C04F79EFBC}") = "BinarySearchTree", "BinarySearchTree\BinarySearchTree.csproj", "{378576D0-3901-45DB-A9F3-8E70892C88A4}"
EndProject
Project("{FAE04EC0-301F-11D3-BF4B-00C04F79EFBC}") = "BinarySearchTreeTests", "BinarySearchTreeTests\BinarySearchTreeTests.csproj", "{679E6471-0583-42A1-95AF-400C0CF3C6A7}"
EndProject
Project("{FAE04EC0-301F-11D3-BF4B-00C04F79EFBC}") = "Matrices", "Matrices\Matrices.csproj", "{A2E3A14C-E871-404B-AFD1-A89C932E57BA}"
EndProject
Global
	GlobalSection(SolutionConfigurationPlatforms) = preSolution
		Debug|Any CPU = Debug|Any CPU
		Release|Any CPU = Release|Any CPU
	EndGlobalSection
	GlobalSection(ProjectConfigurationPlatforms) = postSolution
		{378576D0-3901-45DB-A9F3-8E70892C88A4}.Debug|Any CPU.ActiveCfg = Debug|Any CPU
		{378576D0-3901-45DB-A9F3-8E70892C88A4}.Debug|Any CPU.Build.0 = Debug|Any CPU
		{378576D0-3901-45DB-A9F3-8E70892C88A4}.Release|Any CPU.ActiveCfg = Release|Any CPU
		{378576D0-3901-45DB-A9F3-8E70892C88A4}.Release|Any CPU.Build.0 = Release|Any CPU
		{679E6471-0583-42A1-95AF-400C0CF3C6A7}.Debug|Any CPU.ActiveCfg = Debug|Any CPU
		{679E6471-0583-42A1-95AF-400C0CF3C6A7}.Debug|Any CPU.Build.0 = Debug|Any CPU
		{679E6471-0583-42A1-95AF-400C0CF3C6A7}.Release|Any CPU.ActiveCfg = Release|Any CPU
		{679E6471-0583-42A1-95AF-400C0CF3C6A7}.Release|Any CPU.Build.0 = Release|Any CPU
		{A2E3A14C-E871-404B-AFD1-A89C932E57BA}.Debug|Any CPU.ActiveCfg = Debug|Any CPU
		{A2E3A14C-E871-404B-AFD1-A89C932E57BA}.Debug|Any CPU.Build.0 = Debug|Any CPU
		{A2E3A14C-E871-404B-AFD1-A89C932E57BA}.Release|Any CPU.ActiveCfg = Release|Any CPU
		{A2E3A14C-E871-404B-AFD1-A89C932E57BA}.Release|Any CPU.Build.0 = Release|Any CPU
	EndGlobalSection
	GlobalSection(SolutionProperties) = preSolution
		HideSolutionNode = FALSE
	EndGlobalSection
EndGlobal
