
Microsoft Visual Studio Solution File, Format Version 12.00
# Visual Studio 14
VisualStudioVersion = 14.0.24720.0
MinimumVisualStudioVersion = 10.0.40219.1
Project("{FAE04EC0-301F-11D3-BF4B-00C04F79EFBC}") = "N_th_root", "N_th_root\N_th_root.csproj", "{266F48A7-387E-44A4-A4EE-D9165EA2444B}"
EndProject
Project("{FAE04EC0-301F-11D3-BF4B-00C04F79EFBC}") = "CheckResults", "CheckResults\CheckResults.csproj", "{9D8138EE-7EC3-4474-9A85-F1806040FF77}"
EndProject
Project("{FAE04EC0-301F-11D3-BF4B-00C04F79EFBC}") = "MyArray", "SortJaggedArray\MyArray.csproj", "{00A6B81A-B778-4394-B2F4-F8B11D164827}"
EndProject
Global
	GlobalSection(SolutionConfigurationPlatforms) = preSolution
		Debug|Any CPU = Debug|Any CPU
		Release|Any CPU = Release|Any CPU
	EndGlobalSection
	GlobalSection(ProjectConfigurationPlatforms) = postSolution
		{266F48A7-387E-44A4-A4EE-D9165EA2444B}.Debug|Any CPU.ActiveCfg = Debug|Any CPU
		{266F48A7-387E-44A4-A4EE-D9165EA2444B}.Debug|Any CPU.Build.0 = Debug|Any CPU
		{266F48A7-387E-44A4-A4EE-D9165EA2444B}.Release|Any CPU.ActiveCfg = Release|Any CPU
		{266F48A7-387E-44A4-A4EE-D9165EA2444B}.Release|Any CPU.Build.0 = Release|Any CPU
		{9D8138EE-7EC3-4474-9A85-F1806040FF77}.Debug|Any CPU.ActiveCfg = Debug|Any CPU
		{9D8138EE-7EC3-4474-9A85-F1806040FF77}.Debug|Any CPU.Build.0 = Debug|Any CPU
		{9D8138EE-7EC3-4474-9A85-F1806040FF77}.Release|Any CPU.ActiveCfg = Release|Any CPU
		{9D8138EE-7EC3-4474-9A85-F1806040FF77}.Release|Any CPU.Build.0 = Release|Any CPU
		{00A6B81A-B778-4394-B2F4-F8B11D164827}.Debug|Any CPU.ActiveCfg = Debug|Any CPU
		{00A6B81A-B778-4394-B2F4-F8B11D164827}.Debug|Any CPU.Build.0 = Debug|Any CPU
		{00A6B81A-B778-4394-B2F4-F8B11D164827}.Release|Any CPU.ActiveCfg = Release|Any CPU
		{00A6B81A-B778-4394-B2F4-F8B11D164827}.Release|Any CPU.Build.0 = Release|Any CPU
	EndGlobalSection
	GlobalSection(SolutionProperties) = preSolution
		HideSolutionNode = FALSE
	EndGlobalSection
EndGlobal
